<?xml version="1.0" encoding="UTF-8" standalone="yes" ?>
<CodeBlocks_project_file>
	<FileVersion major="1" minor="6" />
	<Project>
		<Option title="projeto_tp1" />
		<Option pch_mode="2" />
		<Option compiler="gcc" />
		<Build>
			<Target title="Debug">
				<Option output="bin/Debug/projeto_tp1" prefix_auto="1" extension_auto="1" />
				<Option object_output="obj/Debug/" />
				<Option type="1" />
				<Option compiler="gcc" />
				<Compiler>
					<Add option="-g" />
					<Add directory="include/dominios" />
				</Compiler>
			</Target>
			<Target title="Release">
				<Option output="bin/Release/projeto_tp1" prefix_auto="1" extension_auto="1" />
				<Option object_output="obj/Release/" />
				<Option type="1" />
				<Option compiler="gcc" />
				<Compiler>
					<Add option="-O2" />
				</Compiler>
				<Linker>
					<Add option="-s" />
				</Linker>
			</Target>
		</Build>
		<Compiler>
			<Add option="-Wall" />
			<Add option="-fexceptions" />
		</Compiler>
		<Unit filename="include/dominios/DOMINIOS.hpp" />
		<Unit filename="include/dominios/capacidade.hpp" />
		<Unit filename="include/dominios/cartao.hpp" />
		<Unit filename="include/dominios/codigo.hpp" />
		<Unit filename="include/dominios/data.hpp" />
		<Unit filename="include/dominios/dinheiro.hpp" />
		<Unit filename="include/dominios/endereco.hpp" />
		<Unit filename="include/dominios/nome.hpp" />
		<Unit filename="include/dominios/numero.hpp" />
		<Unit filename="include/dominios/ramal.hpp" />
		<Unit filename="include/dominios/senha.hpp" />
		<Unit filename="include/dominios/telefone.hpp" />
		<Unit filename="main.cpp" />
		<Unit filename="src/dominios/capacidade.cpp" />
		<Unit filename="src/dominios/cartao.cpp" />
		<Unit filename="src/dominios/codigo.cpp" />
		<Unit filename="src/dominios/data.cpp" />
		<Unit filename="src/dominios/dinheiro.cpp" />
		<Unit filename="src/dominios/endereco.cpp" />
		<Unit filename="src/dominios/nome.cpp" />
		<Unit filename="src/dominios/numero.cpp" />
		<Unit filename="src/dominios/ramal.cpp" />
		<Unit filename="src/dominios/senha.cpp" />
		<Unit filename="src/dominios/telefone.cpp" />
		<Extensions />
	</Project>
</CodeBlocks_project_file>
